
Microsoft Visual Studio Solution File, Format Version 12.00
# Visual Studio Version 16
VisualStudioVersion = 25.0.1704.0
MinimumVisualStudioVersion = 10.0.40219.1
Project("{FAE04EC0-301F-11D3-BF4B-00C04F79EFBC}") = "TD 2 SLAM Ex2", "TD 2 SLAM Ex2\TD 2 SLAM Ex2.csproj", "{CA84642D-8683-41D1-83D9-E2DE35F38868}"
EndProject
Global
	GlobalSection(SolutionConfigurationPlatforms) = preSolution
		Debug|Any CPU = Debug|Any CPU
		Release|Any CPU = Release|Any CPU
	EndGlobalSection
	GlobalSection(ProjectConfigurationPlatforms) = postSolution
		{CA84642D-8683-41D1-83D9-E2DE35F38868}.Debug|Any CPU.ActiveCfg = Debug|Any CPU
		{CA84642D-8683-41D1-83D9-E2DE35F38868}.Debug|Any CPU.Build.0 = Debug|Any CPU
		{CA84642D-8683-41D1-83D9-E2DE35F38868}.Release|Any CPU.ActiveCfg = Release|Any CPU
		{CA84642D-8683-41D1-83D9-E2DE35F38868}.Release|Any CPU.Build.0 = Release|Any CPU
	EndGlobalSection
	GlobalSection(SolutionProperties) = preSolution
		HideSolutionNode = FALSE
	EndGlobalSection
	GlobalSection(ExtensibilityGlobals) = postSolution
		SolutionGuid = {4CEB653B-038F-46B6-A010-8C34B1F33A6D}
	EndGlobalSection
EndGlobal
