
Microsoft Visual Studio Solution File, Format Version 12.00
# Visual Studio Version 16
VisualStudioVersion = 25.0.1704.0
MinimumVisualStudioVersion = 10.0.40219.1
Project("{FAE04EC0-301F-11D3-BF4B-00C04F79EFBC}") = "TD 5 Ex 4", "TD 5 Ex 4\TD 5 Ex 4.csproj", "{74169F22-A0BB-4BE4-B2D6-0E9DD7637F8D}"
EndProject
Global
	GlobalSection(SolutionConfigurationPlatforms) = preSolution
		Debug|Any CPU = Debug|Any CPU
		Release|Any CPU = Release|Any CPU
	EndGlobalSection
	GlobalSection(ProjectConfigurationPlatforms) = postSolution
		{74169F22-A0BB-4BE4-B2D6-0E9DD7637F8D}.Debug|Any CPU.ActiveCfg = Debug|Any CPU
		{74169F22-A0BB-4BE4-B2D6-0E9DD7637F8D}.Debug|Any CPU.Build.0 = Debug|Any CPU
		{74169F22-A0BB-4BE4-B2D6-0E9DD7637F8D}.Release|Any CPU.ActiveCfg = Release|Any CPU
		{74169F22-A0BB-4BE4-B2D6-0E9DD7637F8D}.Release|Any CPU.Build.0 = Release|Any CPU
	EndGlobalSection
	GlobalSection(SolutionProperties) = preSolution
		HideSolutionNode = FALSE
	EndGlobalSection
	GlobalSection(ExtensibilityGlobals) = postSolution
		SolutionGuid = {9EEC4DFF-AAFF-40C0-B867-2826DFAD3A16}
	EndGlobalSection
EndGlobal
