
Microsoft Visual Studio Solution File, Format Version 12.00
# Visual Studio Version 16
VisualStudioVersion = 25.0.1704.0
MinimumVisualStudioVersion = 10.0.40219.1
Project("{FAE04EC0-301F-11D3-BF4B-00C04F79EFBC}") = "TP Switch Ex6", "TP Switch Ex6\TP Switch Ex6.csproj", "{A7001014-9D60-4EC2-87B6-35D2414D3854}"
EndProject
Global
	GlobalSection(SolutionConfigurationPlatforms) = preSolution
		Debug|Any CPU = Debug|Any CPU
		Release|Any CPU = Release|Any CPU
	EndGlobalSection
	GlobalSection(ProjectConfigurationPlatforms) = postSolution
		{A7001014-9D60-4EC2-87B6-35D2414D3854}.Debug|Any CPU.ActiveCfg = Debug|Any CPU
		{A7001014-9D60-4EC2-87B6-35D2414D3854}.Debug|Any CPU.Build.0 = Debug|Any CPU
		{A7001014-9D60-4EC2-87B6-35D2414D3854}.Release|Any CPU.ActiveCfg = Release|Any CPU
		{A7001014-9D60-4EC2-87B6-35D2414D3854}.Release|Any CPU.Build.0 = Release|Any CPU
	EndGlobalSection
	GlobalSection(SolutionProperties) = preSolution
		HideSolutionNode = FALSE
	EndGlobalSection
	GlobalSection(ExtensibilityGlobals) = postSolution
		SolutionGuid = {382AE35F-D616-4234-90BB-7DA7F0FAAC5D}
	EndGlobalSection
EndGlobal
