
Microsoft Visual Studio Solution File, Format Version 12.00
# Visual Studio Version 16
VisualStudioVersion = 25.0.1704.0
MinimumVisualStudioVersion = 10.0.40219.1
Project("{FAE04EC0-301F-11D3-BF4B-00C04F79EFBC}") = "boucle_imbriquee 1", "boucle_imbriquee 1\boucle_imbriquee 1.csproj", "{46C6D3D5-40CA-4106-9B28-64C0C96E514E}"
EndProject
Global
	GlobalSection(SolutionConfigurationPlatforms) = preSolution
		Debug|Any CPU = Debug|Any CPU
		Release|Any CPU = Release|Any CPU
	EndGlobalSection
	GlobalSection(ProjectConfigurationPlatforms) = postSolution
		{46C6D3D5-40CA-4106-9B28-64C0C96E514E}.Debug|Any CPU.ActiveCfg = Debug|Any CPU
		{46C6D3D5-40CA-4106-9B28-64C0C96E514E}.Debug|Any CPU.Build.0 = Debug|Any CPU
		{46C6D3D5-40CA-4106-9B28-64C0C96E514E}.Release|Any CPU.ActiveCfg = Release|Any CPU
		{46C6D3D5-40CA-4106-9B28-64C0C96E514E}.Release|Any CPU.Build.0 = Release|Any CPU
	EndGlobalSection
	GlobalSection(SolutionProperties) = preSolution
		HideSolutionNode = FALSE
	EndGlobalSection
	GlobalSection(ExtensibilityGlobals) = postSolution
		SolutionGuid = {75CB6457-7ABB-4C89-9FA2-FF1714097A37}
	EndGlobalSection
EndGlobal
