
Microsoft Visual Studio Solution File, Format Version 12.00
# Visual Studio Version 16
VisualStudioVersion = 25.0.1704.0
MinimumVisualStudioVersion = 10.0.40219.1
Project("{FAE04EC0-301F-11D3-BF4B-00C04F79EFBC}") = "Projet Utilisateur Nguyen", "Projet Utilisateur Nguyen\Projet Utilisateur Nguyen.csproj", "{65BB14BB-FF2E-4610-8692-14E7E5E2FF61}"
EndProject
Global
	GlobalSection(SolutionConfigurationPlatforms) = preSolution
		Debug|Any CPU = Debug|Any CPU
		Release|Any CPU = Release|Any CPU
	EndGlobalSection
	GlobalSection(ProjectConfigurationPlatforms) = postSolution
		{65BB14BB-FF2E-4610-8692-14E7E5E2FF61}.Debug|Any CPU.ActiveCfg = Debug|Any CPU
		{65BB14BB-FF2E-4610-8692-14E7E5E2FF61}.Debug|Any CPU.Build.0 = Debug|Any CPU
		{65BB14BB-FF2E-4610-8692-14E7E5E2FF61}.Release|Any CPU.ActiveCfg = Release|Any CPU
		{65BB14BB-FF2E-4610-8692-14E7E5E2FF61}.Release|Any CPU.Build.0 = Release|Any CPU
	EndGlobalSection
	GlobalSection(SolutionProperties) = preSolution
		HideSolutionNode = FALSE
	EndGlobalSection
	GlobalSection(ExtensibilityGlobals) = postSolution
		SolutionGuid = {D901C5B3-80ED-4FB0-89CD-1927B2F22ADA}
	EndGlobalSection
EndGlobal
