
Microsoft Visual Studio Solution File, Format Version 12.00
# Visual Studio Version 16
VisualStudioVersion = 25.0.1704.0
MinimumVisualStudioVersion = 10.0.40219.1
Project("{FAE04EC0-301F-11D3-BF4B-00C04F79EFBC}") = "TP Switch Ex1", "TP Switch Ex1\TP Switch Ex1.csproj", "{15534A46-7983-4407-B14F-96274B3434D9}"
EndProject
Global
	GlobalSection(SolutionConfigurationPlatforms) = preSolution
		Debug|Any CPU = Debug|Any CPU
		Release|Any CPU = Release|Any CPU
	EndGlobalSection
	GlobalSection(ProjectConfigurationPlatforms) = postSolution
		{15534A46-7983-4407-B14F-96274B3434D9}.Debug|Any CPU.ActiveCfg = Debug|Any CPU
		{15534A46-7983-4407-B14F-96274B3434D9}.Debug|Any CPU.Build.0 = Debug|Any CPU
		{15534A46-7983-4407-B14F-96274B3434D9}.Release|Any CPU.ActiveCfg = Release|Any CPU
		{15534A46-7983-4407-B14F-96274B3434D9}.Release|Any CPU.Build.0 = Release|Any CPU
	EndGlobalSection
	GlobalSection(SolutionProperties) = preSolution
		HideSolutionNode = FALSE
	EndGlobalSection
	GlobalSection(ExtensibilityGlobals) = postSolution
		SolutionGuid = {43031072-A1CA-4CE2-9629-359606691991}
	EndGlobalSection
EndGlobal
