
Microsoft Visual Studio Solution File, Format Version 12.00
# Visual Studio Version 16
VisualStudioVersion = 25.0.1704.0
MinimumVisualStudioVersion = 10.0.40219.1
Project("{FAE04EC0-301F-11D3-BF4B-00C04F79EFBC}") = "TD 4 Ex11", "TD 4 Ex11\TD 4 Ex11.csproj", "{C3261346-6543-4AD3-8883-022F3E9A88DD}"
EndProject
Global
	GlobalSection(SolutionConfigurationPlatforms) = preSolution
		Debug|Any CPU = Debug|Any CPU
		Release|Any CPU = Release|Any CPU
	EndGlobalSection
	GlobalSection(ProjectConfigurationPlatforms) = postSolution
		{C3261346-6543-4AD3-8883-022F3E9A88DD}.Debug|Any CPU.ActiveCfg = Debug|Any CPU
		{C3261346-6543-4AD3-8883-022F3E9A88DD}.Debug|Any CPU.Build.0 = Debug|Any CPU
		{C3261346-6543-4AD3-8883-022F3E9A88DD}.Release|Any CPU.ActiveCfg = Release|Any CPU
		{C3261346-6543-4AD3-8883-022F3E9A88DD}.Release|Any CPU.Build.0 = Release|Any CPU
	EndGlobalSection
	GlobalSection(SolutionProperties) = preSolution
		HideSolutionNode = FALSE
	EndGlobalSection
	GlobalSection(ExtensibilityGlobals) = postSolution
		SolutionGuid = {6BA5A510-D4A4-4993-B50B-8FDCD1F9C0E1}
	EndGlobalSection
EndGlobal
